<?xml version="1.0" encoding="utf-8"?>
<Project ToolsVersion="4.0" xmlns="http://schemas.microsoft.com/developer/msbuild/2003">
  <ItemGroup>
    <Filter Include="Source Files">
      <UniqueIdentifier>{4FC737F1-C7A5-4376-A066-2A32D752A2FF}</UniqueIdentifier>
      <Extensions>cpp;c;cc;cxx;c++;cppm;ixx;def;odl;idl;hpj;bat;asm;asmx</Extensions>
    </Filter>
    <Filter Include="Header Files">
      <UniqueIdentifier>{93995380-89BD-4b04-88EB-625FBE52EBFB}</UniqueIdentifier>
      <Extensions>h;hh;hpp;hxx;h++;hm;inl;inc;ipp;xsd</Extensions>
    </Filter>
    <Filter Include="Resource Files">
      <UniqueIdentifier>{67DA6AB6-F800-4c08-8B7A-83BB121AAD01}</UniqueIdentifier>
      <Extensions>rc;ico;cur;bmp;dlg;rc2;rct;bin;rgs;gif;jpg;jpeg;jpe;resx;tiff;tif;png;wav;mfcribbon-ms</Extensions>
    </Filter>
    <Filter Include="Objects">
      <UniqueIdentifier>{f8ce3e78-2877-462b-99fa-c6bbfa46003c}</UniqueIdentifier>
    </Filter>
    <Filter Include="Objects\IndoorEnemy">
      <UniqueIdentifier>{1641e540-f612-4ec0-91af-945fea6767e3}</UniqueIdentifier>
    </Filter>
    <Filter Include="Objects\OutdoorEnemy">
      <UniqueIdentifier>{99cc318f-f8f8-4eec-a015-3146d0e218b2}</UniqueIdentifier>
    </Filter>
  </ItemGroup>
  <ItemGroup>
    <ClCompile Include="debug.cpp">
      <Filter>Source Files</Filter>
    </ClCompile>
    <ClCompile Include="Game.cpp">
      <Filter>Source Files</Filter>
    </ClCompile>
    <ClCompile Include="GameObject.cpp">
      <Filter>Source Files</Filter>
    </ClCompile>
    <ClCompile Include="main.cpp">
      <Filter>Source Files</Filter>
    </ClCompile>
    <ClCompile Include="Sprites.cpp">
      <Filter>Source Files</Filter>
    </ClCompile>
    <ClCompile Include="Textures.cpp">
      <Filter>Source Files</Filter>
    </ClCompile>
    <ClCompile Include="Map.cpp">
      <Filter>Source Files</Filter>
    </ClCompile>
    <ClCompile Include="Camera.cpp">
      <Filter>Source Files</Filter>
    </ClCompile>
    <ClCompile Include="Define.cpp">
      <Filter>Source Files</Filter>
    </ClCompile>
    <ClCompile Include="Sophia.cpp">
      <Filter>Source Files</Filter>
    </ClCompile>
    <ClCompile Include="Enemy\IndoorEnemy.cpp">
      <Filter>Objects\IndoorEnemy</Filter>
    </ClCompile>
    <ClCompile Include="Enemy\Insect.cpp">
      <Filter>Objects\OutdoorEnemy</Filter>
    </ClCompile>
    <ClCompile Include="Enemy\Jumper.cpp">
      <Filter>Objects\OutdoorEnemy</Filter>
    </ClCompile>
    <ClCompile Include="Enemy\Cannon.cpp">
      <Filter>Objects\IndoorEnemy</Filter>
    </ClCompile>
    <ClCompile Include="Enemy\Dasher.cpp">
      <Filter>Objects\IndoorEnemy</Filter>
    </ClCompile>
    <ClCompile Include="Enemy\BossCrabullus.cpp">
      <Filter>Objects\OutdoorEnemy</Filter>
    </ClCompile>
    <ClCompile Include="Enemy\Mine.cpp">
      <Filter>Objects\OutdoorEnemy</Filter>
    </ClCompile>
    <ClCompile Include="Enemy\OutdoorEnemy.cpp">
      <Filter>Objects\OutdoorEnemy</Filter>
    </ClCompile>
    <ClCompile Include="Enemy\Orb.cpp">
      <Filter>Objects\OutdoorEnemy</Filter>
    </ClCompile>
    <ClCompile Include="Enemy\Plutonium.cpp">
      <Filter>Objects\IndoorEnemy</Filter>
    </ClCompile>
    <ClCompile Include="Enemy\Ship.cpp">
      <Filter>Objects\OutdoorEnemy</Filter>
    </ClCompile>
    <ClCompile Include="Enemy\Skull.cpp">
      <Filter>Objects\OutdoorEnemy</Filter>
    </ClCompile>
    <ClCompile Include="Enemy\UnderworldLord.cpp">
      <Filter>Objects\IndoorEnemy</Filter>
    </ClCompile>
    <ClCompile Include="Enemy\Waver.cpp">
      <Filter>Objects\IndoorEnemy</Filter>
    </ClCompile>
    <ClCompile Include="Enemy\Worm.cpp">
      <Filter>Objects\OutdoorEnemy</Filter>
    </ClCompile>
    <ClCompile Include="Enemy\Enemy1.cpp">
      <Filter>Objects\OutdoorEnemy</Filter>
    </ClCompile>
    <ClCompile Include="Enemy\Enemy2.cpp">
      <Filter>Objects\OutdoorEnemy</Filter>
    </ClCompile>
    <ClCompile Include="Enemy\Enemy3.cpp">
      <Filter>Objects\OutdoorEnemy</Filter>
    </ClCompile>
    <ClCompile Include="Enemy\Eyeball.cpp">
      <Filter>Objects\IndoorEnemy</Filter>
    </ClCompile>
    <ClCompile Include="Enemy\Floater.cpp">
      <Filter>Objects\OutdoorEnemy</Filter>
    </ClCompile>
    <ClCompile Include="Enemy\Dome.cpp">
      <Filter>Objects\OutdoorEnemy</Filter>
    </ClCompile>
    <ClCompile Include="Enemy\Teleporter.cpp">
      <Filter>Objects\IndoorEnemy</Filter>
    </ClCompile>
    <ClCompile Include="Grid.cpp">
      <Filter>Source Files</Filter>
    </ClCompile>
  </ItemGroup>
  <ItemGroup>
    <ClInclude Include="debug.h">
      <Filter>Header Files</Filter>
    </ClInclude>
    <ClInclude Include="Game.h">
      <Filter>Header Files</Filter>
    </ClInclude>
    <ClInclude Include="GameObject.h">
      <Filter>Header Files</Filter>
    </ClInclude>
    <ClInclude Include="Sprites.h">
      <Filter>Header Files</Filter>
    </ClInclude>
    <ClInclude Include="Textures.h">
      <Filter>Header Files</Filter>
    </ClInclude>
    <ClInclude Include="Map.h">
      <Filter>Header Files</Filter>
    </ClInclude>
    <ClInclude Include="Camera.h">
      <Filter>Header Files</Filter>
    </ClInclude>
    <ClInclude Include="Define.h">
      <Filter>Header Files</Filter>
    </ClInclude>
    <ClInclude Include="Sophia.h">
      <Filter>Header Files</Filter>
    </ClInclude>
    <ClInclude Include="Enemy\IndoorEnemy.h">
      <Filter>Objects\IndoorEnemy</Filter>
    </ClInclude>
    <ClInclude Include="Enemy\Insect.h">
      <Filter>Objects\OutdoorEnemy</Filter>
    </ClInclude>
    <ClInclude Include="Enemy\Jumper.h">
      <Filter>Objects\OutdoorEnemy</Filter>
    </ClInclude>
    <ClInclude Include="Enemy\Cannon.h">
      <Filter>Objects\IndoorEnemy</Filter>
    </ClInclude>
    <ClInclude Include="Enemy\Dasher.h">
      <Filter>Objects\IndoorEnemy</Filter>
    </ClInclude>
    <ClInclude Include="Enemy\BossCrabullus.h">
      <Filter>Objects\OutdoorEnemy</Filter>
    </ClInclude>
    <ClInclude Include="Enemy\Mine.h">
      <Filter>Objects\OutdoorEnemy</Filter>
    </ClInclude>
    <ClInclude Include="Enemy\OutdoorEnemy.h">
      <Filter>Objects\OutdoorEnemy</Filter>
    </ClInclude>
    <ClInclude Include="Enemy\Orb.h">
      <Filter>Objects\OutdoorEnemy</Filter>
    </ClInclude>
    <ClInclude Include="Enemy\Plutonium.h">
      <Filter>Objects\IndoorEnemy</Filter>
    </ClInclude>
    <ClInclude Include="Enemy\Ship.h">
      <Filter>Objects\OutdoorEnemy</Filter>
    </ClInclude>
    <ClInclude Include="Enemy\Skull.h">
      <Filter>Objects\OutdoorEnemy</Filter>
    </ClInclude>
    <ClInclude Include="Enemy\UnderworldLord.h">
      <Filter>Objects\IndoorEnemy</Filter>
    </ClInclude>
    <ClInclude Include="Enemy\Waver.h">
      <Filter>Objects\IndoorEnemy</Filter>
    </ClInclude>
    <ClInclude Include="Enemy\Worm.h">
      <Filter>Objects\OutdoorEnemy</Filter>
    </ClInclude>
    <ClInclude Include="Enemy\Floater.h">
      <Filter>Objects\OutdoorEnemy</Filter>
    </ClInclude>
    <ClInclude Include="Enemy\Enemy1.h">
      <Filter>Objects\OutdoorEnemy</Filter>
    </ClInclude>
    <ClInclude Include="Enemy\Enemy2.h">
      <Filter>Objects\OutdoorEnemy</Filter>
    </ClInclude>
    <ClInclude Include="Enemy\Enemy3.h">
      <Filter>Objects\OutdoorEnemy</Filter>
    </ClInclude>
    <ClInclude Include="Enemy\Eyeball.h">
      <Filter>Objects\IndoorEnemy</Filter>
    </ClInclude>
    <ClInclude Include="Enemy\Dome.h">
      <Filter>Objects\OutdoorEnemy</Filter>
    </ClInclude>
    <ClInclude Include="Enemy\Teleporter.h">
      <Filter>Objects\IndoorEnemy</Filter>
    </ClInclude>
    <ClInclude Include="Grid.h">
      <Filter>Header Files</Filter>
    </ClInclude>
  </ItemGroup>
  <ItemGroup>
    <Text Include="map2.txt" />
  </ItemGroup>
  <ItemGroup>
    <Image Include="textures\tiles.png">
      <Filter>Resource Files</Filter>
    </Image>
    <Image Include="textures\enemies.png">
      <Filter>Resource Files</Filter>
    </Image>
    <Image Include="textures\BlasterMasterSheet1.png">
      <Filter>Resource Files</Filter>
    </Image>
  </ItemGroup>
</Project>