<?xml version="1.0" encoding="utf-8"?>
<Project ToolsVersion="4.0" xmlns="http://schemas.microsoft.com/developer/msbuild/2003">
  <ItemGroup>
    <ClCompile Include="debug.cpp" />
    <ClCompile Include="Camera.cpp" />
    <ClCompile Include="Define.cpp" />
    <ClCompile Include="Game.cpp" />
    <ClCompile Include="GameObject.cpp" />
    <ClCompile Include="Grid.cpp" />
    <ClCompile Include="main.cpp" />
    <ClCompile Include="Map.cpp" />
    <ClCompile Include="Sprites.cpp" />
    <ClCompile Include="Textures.cpp" />
    <ClCompile Include="Object\OutdoorEnemy\BossCrabullus.cpp" />
    <ClCompile Include="Object\OutdoorEnemy\Dome.cpp" />
    <ClCompile Include="Object\OutdoorEnemy\Floater.cpp" />
    <ClCompile Include="Object\OutdoorEnemy\Insect.cpp" />
    <ClCompile Include="Object\OutdoorEnemy\Jumper.cpp" />
    <ClCompile Include="Object\OutdoorEnemy\Mine.cpp" />
    <ClCompile Include="Object\OutdoorEnemy\Orb.cpp" />
    <ClCompile Include="Object\OutdoorEnemy\OutdoorEnemy.cpp" />
    <ClCompile Include="Object\OutdoorEnemy\Skull.cpp" />
    <ClCompile Include="Object\OutdoorEnemy\Worm.cpp" />
    <ClCompile Include="Object\IndoorEnemy\Cannon.cpp" />
    <ClCompile Include="Object\IndoorEnemy\Eyeball.cpp" />
    <ClCompile Include="Object\IndoorEnemy\IndoorEnemy.cpp" />
    <ClCompile Include="Object\IndoorEnemy\Teleporter.cpp" />
    <ClCompile Include="Object\Player\Sophia.cpp" />
  </ItemGroup>
  <ItemGroup>
    <ClInclude Include="debug.h" />
    <ClInclude Include="Camera.h" />
    <ClInclude Include="Define.h" />
    <ClInclude Include="Game.h" />
    <ClInclude Include="GameObject.h" />
    <ClInclude Include="Grid.h" />
    <ClInclude Include="Map.h" />
    <ClInclude Include="Sprites.h" />
    <ClInclude Include="Textures.h" />
    <ClInclude Include="Object\OutdoorEnemy\BossCrabullus.h" />
    <ClInclude Include="Object\OutdoorEnemy\Dome.h" />
    <ClInclude Include="Object\OutdoorEnemy\Floater.h" />
    <ClInclude Include="Object\OutdoorEnemy\Insect.h" />
    <ClInclude Include="Object\OutdoorEnemy\Jumper.h" />
    <ClInclude Include="Object\OutdoorEnemy\Mine.h" />
    <ClInclude Include="Object\OutdoorEnemy\Orb.h" />
    <ClInclude Include="Object\OutdoorEnemy\OutdoorEnemy.h" />
    <ClInclude Include="Object\OutdoorEnemy\Skull.h" />
    <ClInclude Include="Object\OutdoorEnemy\Worm.h" />
    <ClInclude Include="Object\IndoorEnemy\Cannon.h" />
    <ClInclude Include="Object\IndoorEnemy\Eyeball.h" />
    <ClInclude Include="Object\IndoorEnemy\IndoorEnemy.h" />
    <ClInclude Include="Object\IndoorEnemy\Teleporter.h" />
    <ClInclude Include="Object\Player\Sophia.h" />
  </ItemGroup>
  <ItemGroup>
    <Image Include="textures\BlasterMasterSheet1.png" />
    <Image Include="textures\enemies.png" />
    <Image Include="textures\tiles.png" />
  </ItemGroup>
  <ItemGroup>
    <Text Include="map2.txt" />
  </ItemGroup>
</Project>